
Microsoft Visual Studio Solution File, Format Version 12.00
# Visual Studio Version 16
VisualStudioVersion = 16.0.32228.343
MinimumVisualStudioVersion = 10.0.40219.1
Project("{FAE04EC0-301F-11D3-BF4B-00C04F79EFBC}") = "BaiTap4_61132767", "BaiTap4_61132767\BaiTap4_61132767.csproj", "{BCB65025-5345-4190-8EDB-DBAF02D85A4B}"
EndProject
Global
	GlobalSection(SolutionConfigurationPlatforms) = preSolution
		Debug|Any CPU = Debug|Any CPU
		Release|Any CPU = Release|Any CPU
	EndGlobalSection
	GlobalSection(ProjectConfigurationPlatforms) = postSolution
		{BCB65025-5345-4190-8EDB-DBAF02D85A4B}.Debug|Any CPU.ActiveCfg = Debug|Any CPU
		{BCB65025-5345-4190-8EDB-DBAF02D85A4B}.Debug|Any CPU.Build.0 = Debug|Any CPU
		{BCB65025-5345-4190-8EDB-DBAF02D85A4B}.Release|Any CPU.ActiveCfg = Release|Any CPU
		{BCB65025-5345-4190-8EDB-DBAF02D85A4B}.Release|Any CPU.Build.0 = Release|Any CPU
	EndGlobalSection
	GlobalSection(SolutionProperties) = preSolution
		HideSolutionNode = FALSE
	EndGlobalSection
	GlobalSection(ExtensibilityGlobals) = postSolution
		SolutionGuid = {BFEA17BD-23A0-4EEC-BB42-E21CE18869DF}
	EndGlobalSection
EndGlobal
